
Microsoft Visual Studio Solution File, Format Version 12.00
# Visual Studio 15
VisualStudioVersion = 15.0.28307.489
MinimumVisualStudioVersion = 10.0.40219.1
Project("{8BC9CEB8-8B4A-11D0-8D11-00A0C91BC942}") = "PathRedirector", "PathRedirector.vcxproj", "{CA791D63-7AE1-4931-A7E9-76301412DAA1}"
	ProjectSection(ProjectDependencies) = postProject
		{90669C2A-10DA-400D-906C-A5E86ABF733C} = {90669C2A-10DA-400D-906C-A5E86ABF733C}
		{35095A8A-A820-4C1E-80C6-4DF8269C80FC} = {35095A8A-A820-4C1E-80C6-4DF8269C80FC}
	EndProjectSection
EndProject
Project("{8BC9CEB8-8B4A-11D0-8D11-00A0C91BC942}") = "yaml-cpp", "yaml-cpp.vcxproj", "{35095A8A-A820-4C1E-80C6-4DF8269C80FC}"
EndProject
Project("{8BC9CEB8-8B4A-11D0-8D11-00A0C91BC942}") = "MinHook", "MinHook.vcxproj", "{90669C2A-10DA-400D-906C-A5E86ABF733C}"
EndProject
Global
	GlobalSection(SolutionConfigurationPlatforms) = preSolution
		Debug|x64 = Debug|x64
		Debug|x86 = Debug|x86
		Release|x64 = Release|x64
		Release|x86 = Release|x86
	EndGlobalSection
	GlobalSection(ProjectConfigurationPlatforms) = postSolution
		{CA791D63-7AE1-4931-A7E9-76301412DAA1}.Debug|x64.ActiveCfg = Debug|x64
		{CA791D63-7AE1-4931-A7E9-76301412DAA1}.Debug|x64.Build.0 = Debug|x64
		{CA791D63-7AE1-4931-A7E9-76301412DAA1}.Debug|x86.ActiveCfg = Debug|Win32
		{CA791D63-7AE1-4931-A7E9-76301412DAA1}.Debug|x86.Build.0 = Debug|Win32
		{CA791D63-7AE1-4931-A7E9-76301412DAA1}.Release|x64.ActiveCfg = Release|x64
		{CA791D63-7AE1-4931-A7E9-76301412DAA1}.Release|x64.Build.0 = Release|x64
		{CA791D63-7AE1-4931-A7E9-76301412DAA1}.Release|x86.ActiveCfg = Release|Win32
		{CA791D63-7AE1-4931-A7E9-76301412DAA1}.Release|x86.Build.0 = Release|Win32
		{35095A8A-A820-4C1E-80C6-4DF8269C80FC}.Debug|x64.ActiveCfg = Debug|x64
		{35095A8A-A820-4C1E-80C6-4DF8269C80FC}.Debug|x64.Build.0 = Debug|x64
		{35095A8A-A820-4C1E-80C6-4DF8269C80FC}.Debug|x86.ActiveCfg = Debug|Win32
		{35095A8A-A820-4C1E-80C6-4DF8269C80FC}.Debug|x86.Build.0 = Debug|Win32
		{35095A8A-A820-4C1E-80C6-4DF8269C80FC}.Release|x64.ActiveCfg = Release|x64
		{35095A8A-A820-4C1E-80C6-4DF8269C80FC}.Release|x64.Build.0 = Release|x64
		{35095A8A-A820-4C1E-80C6-4DF8269C80FC}.Release|x86.ActiveCfg = Release|Win32
		{35095A8A-A820-4C1E-80C6-4DF8269C80FC}.Release|x86.Build.0 = Release|Win32
		{90669C2A-10DA-400D-906C-A5E86ABF733C}.Debug|x64.ActiveCfg = Debug|x64
		{90669C2A-10DA-400D-906C-A5E86ABF733C}.Debug|x64.Build.0 = Debug|x64
		{90669C2A-10DA-400D-906C-A5E86ABF733C}.Debug|x86.ActiveCfg = Debug|Win32
		{90669C2A-10DA-400D-906C-A5E86ABF733C}.Debug|x86.Build.0 = Debug|Win32
		{90669C2A-10DA-400D-906C-A5E86ABF733C}.Release|x64.ActiveCfg = Release|x64
		{90669C2A-10DA-400D-906C-A5E86ABF733C}.Release|x64.Build.0 = Release|x64
		{90669C2A-10DA-400D-906C-A5E86ABF733C}.Release|x86.ActiveCfg = Release|Win32
		{90669C2A-10DA-400D-906C-A5E86ABF733C}.Release|x86.Build.0 = Release|Win32
	EndGlobalSection
	GlobalSection(SolutionProperties) = preSolution
		HideSolutionNode = FALSE
	EndGlobalSection
	GlobalSection(ExtensibilityGlobals) = postSolution
		SolutionGuid = {B1EF08A2-BD17-4FC6-A2E4-ABC46C74E630}
	EndGlobalSection
EndGlobal
